
Microsoft Visual Studio Solution File, Format Version 12.00
# Visual Studio Version 16
VisualStudioVersion = 16.0.29920.165
MinimumVisualStudioVersion = 10.0.40219.1
Project("{FAE04EC0-301F-11D3-BF4B-00C04F79EFBC}") = "Atividade 5", "Atividade 5\Atividade 5.csproj", "{3887B5CD-411B-4657-8FDE-F85AA19864BC}"
EndProject
Global
	GlobalSection(SolutionConfigurationPlatforms) = preSolution
		Debug|Any CPU = Debug|Any CPU
		Release|Any CPU = Release|Any CPU
	EndGlobalSection
	GlobalSection(ProjectConfigurationPlatforms) = postSolution
		{3887B5CD-411B-4657-8FDE-F85AA19864BC}.Debug|Any CPU.ActiveCfg = Debug|Any CPU
		{3887B5CD-411B-4657-8FDE-F85AA19864BC}.Debug|Any CPU.Build.0 = Debug|Any CPU
		{3887B5CD-411B-4657-8FDE-F85AA19864BC}.Release|Any CPU.ActiveCfg = Release|Any CPU
		{3887B5CD-411B-4657-8FDE-F85AA19864BC}.Release|Any CPU.Build.0 = Release|Any CPU
	EndGlobalSection
	GlobalSection(SolutionProperties) = preSolution
		HideSolutionNode = FALSE
	EndGlobalSection
	GlobalSection(ExtensibilityGlobals) = postSolution
		SolutionGuid = {6D83C545-2DBB-4F1A-B952-B9CED9D90684}
	EndGlobalSection
EndGlobal
