
Microsoft Visual Studio Solution File, Format Version 12.00
# Visual Studio Version 16
VisualStudioVersion = 16.0.29920.165
MinimumVisualStudioVersion = 10.0.40219.1
Project("{FAE04EC0-301F-11D3-BF4B-00C04F79EFBC}") = "WindowsFormsApp1", "WindowsFormsApp1\WindowsFormsApp1.csproj", "{75937D2A-2CF6-4B68-AC96-D0946B767A24}"
EndProject
Global
	GlobalSection(SolutionConfigurationPlatforms) = preSolution
		Debug|Any CPU = Debug|Any CPU
		Release|Any CPU = Release|Any CPU
	EndGlobalSection
	GlobalSection(ProjectConfigurationPlatforms) = postSolution
		{75937D2A-2CF6-4B68-AC96-D0946B767A24}.Debug|Any CPU.ActiveCfg = Debug|Any CPU
		{75937D2A-2CF6-4B68-AC96-D0946B767A24}.Debug|Any CPU.Build.0 = Debug|Any CPU
		{75937D2A-2CF6-4B68-AC96-D0946B767A24}.Release|Any CPU.ActiveCfg = Release|Any CPU
		{75937D2A-2CF6-4B68-AC96-D0946B767A24}.Release|Any CPU.Build.0 = Release|Any CPU
	EndGlobalSection
	GlobalSection(SolutionProperties) = preSolution
		HideSolutionNode = FALSE
	EndGlobalSection
	GlobalSection(ExtensibilityGlobals) = postSolution
		SolutionGuid = {90358840-4535-4330-955A-F45095A570BF}
	EndGlobalSection
EndGlobal
