
Microsoft Visual Studio Solution File, Format Version 12.00
# Visual Studio Version 16
VisualStudioVersion = 16.0.30011.22
MinimumVisualStudioVersion = 10.0.40219.1
Project("{FAE04EC0-301F-11D3-BF4B-00C04F79EFBC}") = "Atividade7", "Atividade7\Atividade7.csproj", "{B74695A4-4F2E-49F9-A4D2-44EAB1DCCEFE}"
EndProject
Global
	GlobalSection(SolutionConfigurationPlatforms) = preSolution
		Debug|Any CPU = Debug|Any CPU
		Release|Any CPU = Release|Any CPU
	EndGlobalSection
	GlobalSection(ProjectConfigurationPlatforms) = postSolution
		{B74695A4-4F2E-49F9-A4D2-44EAB1DCCEFE}.Debug|Any CPU.ActiveCfg = Debug|Any CPU
		{B74695A4-4F2E-49F9-A4D2-44EAB1DCCEFE}.Debug|Any CPU.Build.0 = Debug|Any CPU
		{B74695A4-4F2E-49F9-A4D2-44EAB1DCCEFE}.Release|Any CPU.ActiveCfg = Release|Any CPU
		{B74695A4-4F2E-49F9-A4D2-44EAB1DCCEFE}.Release|Any CPU.Build.0 = Release|Any CPU
	EndGlobalSection
	GlobalSection(SolutionProperties) = preSolution
		HideSolutionNode = FALSE
	EndGlobalSection
	GlobalSection(ExtensibilityGlobals) = postSolution
		SolutionGuid = {F6F8EFE4-083F-43BD-9911-FB5DA38D7A3E}
	EndGlobalSection
EndGlobal
